# THIS IS AN AUTOGENERATED FILE. DO NOT EDIT THIS FILE DIRECTLY.
# yarn lockfile v1


"dom7@^4.0.4":
  "integrity" "sha512-DSSgBzQ4rJWQp1u6o+3FVwMNnT5bzQbMb+o31TjYYeRi05uAcpF8koxdfzeoe5ElzPmua7W7N28YJhF7iEKqIw=="
  "resolved" "https://registry.npmjs.org/dom7/-/dom7-4.0.4.tgz"
  "version" "4.0.4"
  dependencies:
    "ssr-window" "^4.0.0"

"ssr-window@^4.0.0", "ssr-window@^4.0.2":
  "integrity" "sha512-ISv/Ch+ig7SOtw7G2+qkwfVASzazUnvlDTwypdLoPoySv+6MqlOV10VwPSE6EWkGjhW50lUmghPmpYZXMu/+AQ=="
  "resolved" "https://registry.npmjs.org/ssr-window/-/ssr-window-4.0.2.tgz"
  "version" "4.0.2"

"swiper@^8.1.4":
  "integrity" "sha512-ho6ceKxqbDxV51qymVxwn1oB4CqTrsG3Y5pGW2aKlZxsT6NMdlow8ICUa+wD/m5l2T5ZD2B0yyqTihSSmLBV4A=="
  "resolved" "https://registry.npmjs.org/swiper/-/swiper-8.1.4.tgz"
  "version" "8.1.4"
  dependencies:
    "dom7" "^4.0.4"
    "ssr-window" "^4.0.2"
